
Microsoft Visual Studio Solution File, Format Version 12.00
Project("{FAE04EC0-301F-11D3-BF4B-00C04F79EFBC}") = "CryptoApp", "CryptoApp\CryptoApp.csproj", "{BB23074B-81B6-4930-95C9-1968EFF2C9AF}"
EndProject
Project("{FAE04EC0-301F-11D3-BF4B-00C04F79EFBC}") = "TestCiphers", "TestCiphers\TestCiphers.csproj", "{405436C6-317C-4A90-82A8-A65F732537D8}"
EndProject
Global
	GlobalSection(SolutionConfigurationPlatforms) = preSolution
		Debug|Any CPU = Debug|Any CPU
		Release|Any CPU = Release|Any CPU
	EndGlobalSection
	GlobalSection(ProjectConfigurationPlatforms) = postSolution
		{BB23074B-81B6-4930-95C9-1968EFF2C9AF}.Debug|Any CPU.ActiveCfg = Debug|Any CPU
		{BB23074B-81B6-4930-95C9-1968EFF2C9AF}.Debug|Any CPU.Build.0 = Debug|Any CPU
		{BB23074B-81B6-4930-95C9-1968EFF2C9AF}.Release|Any CPU.ActiveCfg = Release|Any CPU
		{BB23074B-81B6-4930-95C9-1968EFF2C9AF}.Release|Any CPU.Build.0 = Release|Any CPU
		{405436C6-317C-4A90-82A8-A65F732537D8}.Debug|Any CPU.ActiveCfg = Debug|Any CPU
		{405436C6-317C-4A90-82A8-A65F732537D8}.Debug|Any CPU.Build.0 = Debug|Any CPU
		{405436C6-317C-4A90-82A8-A65F732537D8}.Release|Any CPU.ActiveCfg = Release|Any CPU
		{405436C6-317C-4A90-82A8-A65F732537D8}.Release|Any CPU.Build.0 = Release|Any CPU
	EndGlobalSection
EndGlobal
